
Microsoft Visual Studio Solution File, Format Version 12.00
# Visual Studio 2013
VisualStudioVersion = 12.0.21005.1
MinimumVisualStudioVersion = 10.0.40219.1
Project("{FAE04EC0-301F-11D3-BF4B-00C04F79EFBC}") = "neddle", "neddle\neddle.csproj", "{5CA79F65-8539-4C41-B724-F5DFB8337749}"
EndProject
Project("{2150E333-8FDC-42A3-9474-1A3956D46DE8}") = ".nuget", ".nuget", "{2E40FE49-3AE2-4120-9216-CBA193922BFC}"
	ProjectSection(SolutionItems) = preProject
		.nuget\NuGet.Config = .nuget\NuGet.Config
		.nuget\nuget.exe = .nuget\nuget.exe
		.nuget\NuGet.targets = .nuget\NuGet.targets
	EndProjectSection
EndProject
Project("{FAE04EC0-301F-11D3-BF4B-00C04F79EFBC}") = "neddle.tests", "neddle.tests\neddle.tests.csproj", "{DD711F76-EFAE-4B3B-BA3B-31B3EC64565C}"
EndProject
Project("{FAE04EC0-301F-11D3-BF4B-00C04F79EFBC}") = "neddle.web", "neddle.web\neddle.web.csproj", "{FD85118D-BCBF-43C7-91B5-B82B1141F77F}"
EndProject
Project("{2150E333-8FDC-42A3-9474-1A3956D46DE8}") = "tests", "tests", "{063BB2E6-C124-415A-9628-44A750FE80CB}"
EndProject
Project("{FAE04EC0-301F-11D3-BF4B-00C04F79EFBC}") = "neddle.data.sql", "neddle.data.sql\neddle.data.sql.csproj", "{A3250F61-7671-49BE-B251-06692D730ED2}"
EndProject
Project("{FAE04EC0-301F-11D3-BF4B-00C04F79EFBC}") = "neddle.data.sql.tests", "neddle.data.sql.tests\neddle.data.sql.tests.csproj", "{FF152AFD-C257-4E95-BD83-8DD218E071EC}"
EndProject
Project("{FAE04EC0-301F-11D3-BF4B-00C04F79EFBC}") = "neddle.web.tests", "neddle.web.tests\neddle.web.tests.csproj", "{A7C8FA2F-ADAD-473F-AFEB-DD1D757BD795}"
EndProject
Global
	GlobalSection(SolutionConfigurationPlatforms) = preSolution
		Debug|Any CPU = Debug|Any CPU
		Release|Any CPU = Release|Any CPU
	EndGlobalSection
	GlobalSection(ProjectConfigurationPlatforms) = postSolution
		{5CA79F65-8539-4C41-B724-F5DFB8337749}.Debug|Any CPU.ActiveCfg = Debug|Any CPU
		{5CA79F65-8539-4C41-B724-F5DFB8337749}.Debug|Any CPU.Build.0 = Debug|Any CPU
		{5CA79F65-8539-4C41-B724-F5DFB8337749}.Release|Any CPU.ActiveCfg = Release|Any CPU
		{5CA79F65-8539-4C41-B724-F5DFB8337749}.Release|Any CPU.Build.0 = Release|Any CPU
		{DD711F76-EFAE-4B3B-BA3B-31B3EC64565C}.Debug|Any CPU.ActiveCfg = Debug|Any CPU
		{DD711F76-EFAE-4B3B-BA3B-31B3EC64565C}.Debug|Any CPU.Build.0 = Debug|Any CPU
		{DD711F76-EFAE-4B3B-BA3B-31B3EC64565C}.Release|Any CPU.ActiveCfg = Release|Any CPU
		{DD711F76-EFAE-4B3B-BA3B-31B3EC64565C}.Release|Any CPU.Build.0 = Release|Any CPU
		{FD85118D-BCBF-43C7-91B5-B82B1141F77F}.Debug|Any CPU.ActiveCfg = Debug|Any CPU
		{FD85118D-BCBF-43C7-91B5-B82B1141F77F}.Debug|Any CPU.Build.0 = Debug|Any CPU
		{FD85118D-BCBF-43C7-91B5-B82B1141F77F}.Release|Any CPU.ActiveCfg = Release|Any CPU
		{FD85118D-BCBF-43C7-91B5-B82B1141F77F}.Release|Any CPU.Build.0 = Release|Any CPU
		{A3250F61-7671-49BE-B251-06692D730ED2}.Debug|Any CPU.ActiveCfg = Debug|Any CPU
		{A3250F61-7671-49BE-B251-06692D730ED2}.Debug|Any CPU.Build.0 = Debug|Any CPU
		{A3250F61-7671-49BE-B251-06692D730ED2}.Release|Any CPU.ActiveCfg = Release|Any CPU
		{A3250F61-7671-49BE-B251-06692D730ED2}.Release|Any CPU.Build.0 = Release|Any CPU
		{FF152AFD-C257-4E95-BD83-8DD218E071EC}.Debug|Any CPU.ActiveCfg = Debug|Any CPU
		{FF152AFD-C257-4E95-BD83-8DD218E071EC}.Debug|Any CPU.Build.0 = Debug|Any CPU
		{FF152AFD-C257-4E95-BD83-8DD218E071EC}.Release|Any CPU.ActiveCfg = Release|Any CPU
		{FF152AFD-C257-4E95-BD83-8DD218E071EC}.Release|Any CPU.Build.0 = Release|Any CPU
		{A7C8FA2F-ADAD-473F-AFEB-DD1D757BD795}.Debug|Any CPU.ActiveCfg = Debug|Any CPU
		{A7C8FA2F-ADAD-473F-AFEB-DD1D757BD795}.Debug|Any CPU.Build.0 = Debug|Any CPU
		{A7C8FA2F-ADAD-473F-AFEB-DD1D757BD795}.Release|Any CPU.ActiveCfg = Release|Any CPU
		{A7C8FA2F-ADAD-473F-AFEB-DD1D757BD795}.Release|Any CPU.Build.0 = Release|Any CPU
	EndGlobalSection
	GlobalSection(SolutionProperties) = preSolution
		HideSolutionNode = FALSE
	EndGlobalSection
	GlobalSection(NestedProjects) = preSolution
		{DD711F76-EFAE-4B3B-BA3B-31B3EC64565C} = {063BB2E6-C124-415A-9628-44A750FE80CB}
		{FF152AFD-C257-4E95-BD83-8DD218E071EC} = {063BB2E6-C124-415A-9628-44A750FE80CB}
		{A7C8FA2F-ADAD-473F-AFEB-DD1D757BD795} = {063BB2E6-C124-415A-9628-44A750FE80CB}
	EndGlobalSection
EndGlobal
