
Microsoft Visual Studio Solution File, Format Version 11.00
# Visual Studio 2010
Project("{FAE04EC0-301F-11D3-BF4B-00C04F79EFBC}") = "neddle", "neddle.csproj", "{5CA79F65-8539-4C41-B724-F5DFB8337749}"
EndProject
Project("{2150E333-8FDC-42A3-9474-1A3956D46DE8}") = ".nuget", ".nuget", "{2E40FE49-3AE2-4120-9216-CBA193922BFC}"
	ProjectSection(SolutionItems) = preProject
		.nuget\NuGet.Config = .nuget\NuGet.Config
		.nuget\nuget.exe = .nuget\nuget.exe
		.nuget\NuGet.targets = .nuget\NuGet.targets
	EndProjectSection
EndProject
Project("{FAE04EC0-301F-11D3-BF4B-00C04F79EFBC}") = "neddle.tests", "..\neddle.tests\neddle.tests.csproj", "{DD711F76-EFAE-4B3B-BA3B-31B3EC64565C}"
EndProject
Global
	GlobalSection(SolutionConfigurationPlatforms) = preSolution
		Debug|Any CPU = Debug|Any CPU
		Release|Any CPU = Release|Any CPU
	EndGlobalSection
	GlobalSection(ProjectConfigurationPlatforms) = postSolution
		{5CA79F65-8539-4C41-B724-F5DFB8337749}.Debug|Any CPU.ActiveCfg = Debug|Any CPU
		{5CA79F65-8539-4C41-B724-F5DFB8337749}.Debug|Any CPU.Build.0 = Debug|Any CPU
		{5CA79F65-8539-4C41-B724-F5DFB8337749}.Release|Any CPU.ActiveCfg = Release|Any CPU
		{5CA79F65-8539-4C41-B724-F5DFB8337749}.Release|Any CPU.Build.0 = Release|Any CPU
		{DD711F76-EFAE-4B3B-BA3B-31B3EC64565C}.Debug|Any CPU.ActiveCfg = Debug|Any CPU
		{DD711F76-EFAE-4B3B-BA3B-31B3EC64565C}.Debug|Any CPU.Build.0 = Debug|Any CPU
		{DD711F76-EFAE-4B3B-BA3B-31B3EC64565C}.Release|Any CPU.ActiveCfg = Release|Any CPU
		{DD711F76-EFAE-4B3B-BA3B-31B3EC64565C}.Release|Any CPU.Build.0 = Release|Any CPU
	EndGlobalSection
	GlobalSection(SolutionProperties) = preSolution
		HideSolutionNode = FALSE
	EndGlobalSection
EndGlobal
